
Microsoft Visual Studio Solution File, Format Version 12.00
# Visual Studio Version 17
VisualStudioVersion = 17.11.35303.130
MinimumVisualStudioVersion = 10.0.40219.1
Project("{FAE04EC0-301F-11D3-BF4B-00C04F79EFBC}") = "progprac1", "progprac1\progprac1.csproj", "{FE536A8F-634A-4404-AF56-2F54F4D4CE45}"
EndProject
Global
	GlobalSection(SolutionConfigurationPlatforms) = preSolution
		Debug|Any CPU = Debug|Any CPU
		Release|Any CPU = Release|Any CPU
	EndGlobalSection
	GlobalSection(ProjectConfigurationPlatforms) = postSolution
		{FE536A8F-634A-4404-AF56-2F54F4D4CE45}.Debug|Any CPU.ActiveCfg = Debug|Any CPU
		{FE536A8F-634A-4404-AF56-2F54F4D4CE45}.Debug|Any CPU.Build.0 = Debug|Any CPU
		{FE536A8F-634A-4404-AF56-2F54F4D4CE45}.Release|Any CPU.ActiveCfg = Release|Any CPU
		{FE536A8F-634A-4404-AF56-2F54F4D4CE45}.Release|Any CPU.Build.0 = Release|Any CPU
	EndGlobalSection
	GlobalSection(SolutionProperties) = preSolution
		HideSolutionNode = FALSE
	EndGlobalSection
	GlobalSection(ExtensibilityGlobals) = postSolution
		SolutionGuid = {DDF98806-CCFC-4D40-ACBD-A9FE948A7F82}
	EndGlobalSection
EndGlobal
